// !$*UTF8*$!
{
	archiveVersion = 1;
	classes = {
	};
	objectVersion = 48;
	objects = {

/* Begin PBXBuildFile section */
		18F2E8EE1FBFF6EA00F75146 /* AppDelegate.swift in Sources */ = {isa = PBXBuildFile; fileRef = 18F2E8ED1FBFF6EA00F75146 /* AppDelegate.swift */; };
		18F2E8F01FBFF6EA00F75146 /* ViewController.swift in Sources */ = {isa = PBXBuildFile; fileRef = 18F2E8EF1FBFF6EA00F75146 /* ViewController.swift */; };
		18F2E8F31FBFF6EA00F75146 /* Main.storyboard in Resources */ = {isa = PBXBuildFile; fileRef = 18F2E8F11FBFF6EA00F75146 /* Main.storyboard */; };
		18F2E8F61FBFF6EA00F75146 /* Core_Data.xcdatamodeld in Sources */ = {isa = PBXBuildFile; fileRef = 18F2E8F41FBFF6EA00F75146 /* Core_Data.xcdatamodeld */; };
		18F2E8F81FBFF6EA00F75146 /* Assets.xcassets in Resources */ = {isa = PBXBuildFile; fileRef = 18F2E8F71FBFF6EA00F75146 /* Assets.xcassets */; };
		18F2E8FB1FBFF6EA00F75146 /* LaunchScreen.storyboard in Resources */ = {isa = PBXBuildFile; fileRef = 18F2E8F91FBFF6EA00F75146 /* LaunchScreen.storyboard */; };
		18F2E9061FBFF6EA00F75146 /* Core_DataTests.swift in Sources */ = {isa = PBXBuildFile; fileRef = 18F2E9051FBFF6EA00F75146 /* Core_DataTests.swift */; };
		18F2E9111FBFF6EA00F75146 /* Core_DataUITests.swift in Sources */ = {isa = PBXBuildFile; fileRef = 18F2E9101FBFF6EA00F75146 /* Core_DataUITests.swift */; };
/* End PBXBuildFile section */

/* Begin PBXContainerItemProxy section */
		18F2E9021FBFF6EA00F75146 /* PBXContainerItemProxy */ = {
			isa = PBXContainerItemProxy;
			containerPortal = 18F2E8E21FBFF6EA00F75146 /* Project object */;
			proxyType = 1;
			remoteGlobalIDString = 18F2E8E91FBFF6EA00F75146;
			remoteInfo = "Core Data";
		};
		18F2E90D1FBFF6EA00F75146 /* PBXContainerItemProxy */ = {
			isa = PBXContainerItemProxy;
			containerPortal = 18F2E8E21FBFF6EA00F75146 /* Project object */;
			proxyType = 1;
			remoteGlobalIDString = 18F2E8E91FBFF6EA00F75146;
			remoteInfo = "Core Data";
		};
/* End PBXContainerItemProxy section */

/* Begin PBXFileReference section */
		18F2E8EA1FBFF6EA00F75146 /* Core Data.app */ = {isa = PBXFileReference; explicitFileType = wrapper.application; includeInIndex = 0; path = "Core Data.app"; sourceTree = BUILT_PRODUCTS_DIR; };
		18F2E8ED1FBFF6EA00F75146 /* AppDelegate.swift */ = {isa = PBXFileReference; lastKnownFileType = sourcecode.swift; path = AppDelegate.swift; sourceTree = "<group>"; };
		18F2E8EF1FBFF6EA00F75146 /* ViewController.swift */ = {isa = PBXFileReference; lastKnownFileType = sourcecode.swift; path = ViewController.swift; sourceTree = "<group>"; };
		18F2E8F21FBFF6EA00F75146 /* Base */ = {isa = PBXFileReference; lastKnownFileType = file.storyboard; name = Base; path = Base.lproj/Main.storyboard; sourceTree = "<group>"; };
		18F2E8F51FBFF6EA00F75146 /* Core_Data.xcdatamodel */ = {isa = PBXFileReference; lastKnownFileType = wrapper.xcdatamodel; path = Core_Data.xcdatamodel; sourceTree = "<group>"; };
		18F2E8F71FBFF6EA00F75146 /* Assets.xcassets */ = {isa = PBXFileReference; lastKnownFileType = folder.assetcatalog; path = Assets.xcassets; sourceTree = "<group>"; };
		18F2E8FA1FBFF6EA00F75146 /* Base */ = {isa = PBXFileReference; lastKnownFileType = file.storyboard; name = Base; path = Base.lproj/LaunchScreen.storyboard; sourceTree = "<group>"; };
		18F2E8FC1FBFF6EA00F75146 /* Info.plist */ = {isa = PBXFileReference; lastKnownFileType = text.plist.xml; path = Info.plist; sourceTree = "<group>"; };
		18F2E9011FBFF6EA00F75146 /* Core DataTests.xctest */ = {isa = PBXFileReference; explicitFileType = wrapper.cfbundle; includeInIndex = 0; path = "Core DataTests.xctest"; sourceTree = BUILT_PRODUCTS_DIR; };
		18F2E9051FBFF6EA00F75146 /* Core_DataTests.swift */ = {isa = PBXFileReference; lastKnownFileType = sourcecode.swift; path = Core_DataTests.swift; sourceTree = "<group>"; };
		18F2E9071FBFF6EA00F75146 /* Info.plist */ = {isa = PBXFileReference; lastKnownFileType = text.plist.xml; path = Info.plist; sourceTree = "<group>"; };
		18F2E90C1FBFF6EA00F75146 /* Core DataUITests.xctest */ = {isa = PBXFileReference; explicitFileType = wrapper.cfbundle; includeInIndex = 0; path = "Core DataUITests.xctest"; sourceTree = BUILT_PRODUCTS_DIR; };
		18F2E9101FBFF6EA00F75146 /* Core_DataUITests.swift */ = {isa = PBXFileReference; lastKnownFileType = sourcecode.swift; path = Core_DataUITests.swift; sourceTree = "<group>"; };
		18F2E9121FBFF6EA00F75146 /* Info.plist */ = {isa = PBXFileReference; lastKnownFileType = text.plist.xml; path = Info.plist; sourceTree = "<group>"; };
/* End PBXFileReference section */

/* Begin PBXFrameworksBuildPhase section */
		18F2E8E71FBFF6EA00F75146 /* Frameworks */ = {
			isa = PBXFrameworksBuildPhase;
			buildActionMask = 2147483647;
			files = (
			);
			runOnlyForDeploymentPostprocessing = 0;
		};
		18F2E8FE1FBFF6EA00F75146 /* Frameworks */ = {
			isa = PBXFrameworksBuildPhase;
			buildActionMask = 2147483647;
			files = (
			);
			runOnlyForDeploymentPostprocessing = 0;
		};
		18F2E9091FBFF6EA00F75146 /* Frameworks */ = {
			isa = PBXFrameworksBuildPhase;
			buildActionMask = 2147483647;
			files = (
			);
			runOnlyForDeploymentPostprocessing = 0;
		};
/* End PBXFrameworksBuildPhase section */

/* Begin PBXGroup section */
		18F2E8E11FBFF6EA00F75146 = {
			isa = PBXGroup;
			children = (
				18F2E8EC1FBFF6EA00F75146 /* Core Data */,
				18F2E9041FBFF6EA00F75146 /* Core DataTests */,
				18F2E90F1FBFF6EA00F75146 /* Core DataUITests */,
				18F2E8EB1FBFF6EA00F75146 /* Products */,
			);
			sourceTree = "<group>";
		};
		18F2E8EB1FBFF6EA00F75146 /* Products */ = {
			isa = PBXGroup;
			children = (
				18F2E8EA1FBFF6EA00F75146 /* Core Data.app */,
				18F2E9011FBFF6EA00F75146 /* Core DataTests.xctest */,
				18F2E90C1FBFF6EA00F75146 /* Core DataUITests.xctest */,
			);
			name = Products;
			sourceTree = "<group>";
		};
		18F2E8EC1FBFF6EA00F75146 /* Core Data */ = {
			isa = PBXGroup;
			children = (
				18F2E8ED1FBFF6EA00F75146 /* AppDelegate.swift */,
				18F2E8EF1FBFF6EA00F75146 /* ViewController.swift */,
				18F2E8F11FBFF6EA00F75146 /* Main.storyboard */,
				18F2E8F71FBFF6EA00F75146 /* Assets.xcassets */,
				18F2E8F91FBFF6EA00F75146 /* LaunchScreen.storyboard */,
				18F2E8FC1FBFF6EA00F75146 /* Info.plist */,
				18F2E8F41FBFF6EA00F75146 /* Core_Data.xcdatamodeld */,
			);
			path = "Core Data";
			sourceTree = "<group>";
		};
		18F2E9041FBFF6EA00F75146 /* Core DataTests */ = {
			isa = PBXGroup;
			children = (
				18F2E9051FBFF6EA00F75146 /* Core_DataTests.swift */,
				18F2E9071FBFF6EA00F75146 /* Info.plist */,
			);
			path = "Core DataTests";
			sourceTree = "<group>";
		};
		18F2E90F1FBFF6EA00F75146 /* Core DataUITests */ = {
			isa = PBXGroup;
			children = (
				18F2E9101FBFF6EA00F75146 /* Core_DataUITests.swift */,
				18F2E9121FBFF6EA00F75146 /* Info.plist */,
			);
			path = "Core DataUITests";
			sourceTree = "<group>";
		};
/* End PBXGroup section */

/* Begin PBXNativeTarget section */
		18F2E8E91FBFF6EA00F75146 /* Core Data */ = {
			isa = PBXNativeTarget;
			buildConfigurationList = 18F2E9151FBFF6EA00F75146 /* Build configuration list for PBXNativeTarget "Core Data" */;
			buildPhases = (
				18F2E8E61FBFF6EA00F75146 /* Sources */,
				18F2E8E71FBFF6EA00F75146 /* Frameworks */,
				18F2E8E81FBFF6EA00F75146 /* Resources */,
			);
			buildRules = (
			);
			dependencies = (
			);
			name = "Core Data";
			productName = "Core Data";
			productReference = 18F2E8EA1FBFF6EA00F75146 /* Core Data.app */;
			productType = "com.apple.product-type.application";
		};
		18F2E9001FBFF6EA00F75146 /* Core DataTests */ = {
			isa = PBXNativeTarget;
			buildConfigurationList = 18F2E9181FBFF6EA00F75146 /* Build configuration list for PBXNativeTarget "Core DataTests" */;
			buildPhases = (
				18F2E8FD1FBFF6EA00F75146 /* Sources */,
				18F2E8FE1FBFF6EA00F75146 /* Frameworks */,
				18F2E8FF1FBFF6EA00F75146 /* Resources */,
			);
			buildRules = (
			);
			dependencies = (
				18F2E9031FBFF6EA00F75146 /* PBXTargetDependency */,
			);
			name = "Core DataTests";
			productName = "Core DataTests";
			productReference = 18F2E9011FBFF6EA00F75146 /* Core DataTests.xctest */;
			productType = "com.apple.product-type.bundle.unit-test";
		};
		18F2E90B1FBFF6EA00F75146 /* Core DataUITests */ = {
			isa = PBXNativeTarget;
			buildConfigurationList = 18F2E91B1FBFF6EA00F75146 /* Build configuration list for PBXNativeTarget "Core DataUITests" */;
			buildPhases = (
				18F2E9081FBFF6EA00F75146 /* Sources */,
				18F2E9091FBFF6EA00F75146 /* Frameworks */,
				18F2E90A1FBFF6EA00F75146 /* Resources */,
			);
			buildRules = (
			);
			dependencies = (
				18F2E90E1FBFF6EA00F75146 /* PBXTargetDependency */,
			);
			name = "Core DataUITests";
			productName = "Core DataUITests";
			productReference = 18F2E90C1FBFF6EA00F75146 /* Core DataUITests.xctest */;
			productType = "com.apple.product-type.bundle.ui-testing";
		};
/* End PBXNativeTarget section */

/* Begin PBXProject section */
		18F2E8E21FBFF6EA00F75146 /* Project object */ = {
			isa = PBXProject;
			attributes = {
				LastSwiftUpdateCheck = 0900;
				LastUpgradeCheck = 0900;
				ORGANIZATIONNAME = apple;
				TargetAttributes = {
					18F2E8E91FBFF6EA00F75146 = {
						CreatedOnToolsVersion = 9.0;
						ProvisioningStyle = Automatic;
					};
					18F2E9001FBFF6EA00F75146 = {
						CreatedOnToolsVersion = 9.0;
						ProvisioningStyle = Automatic;
						TestTargetID = 18F2E8E91FBFF6EA00F75146;
					};
					18F2E90B1FBFF6EA00F75146 = {
						CreatedOnToolsVersion = 9.0;
						ProvisioningStyle = Automatic;
						TestTargetID = 18F2E8E91FBFF6EA00F75146;
					};
				};
			};
			buildConfigurationList = 18F2E8E51FBFF6EA00F75146 /* Build configuration list for PBXProject "Core Data" */;
			compatibilityVersion = "Xcode 8.0";
			developmentRegion = en;
			hasScannedForEncodings = 0;
			knownRegions = (
				en,
				Base,
			);
			mainGroup = 18F2E8E11FBFF6EA00F75146;
			productRefGroup = 18F2E8EB1FBFF6EA00F75146 /* Products */;
			projectDirPath = "";
			projectRoot = "";
			targets = (
				18F2E8E91FBFF6EA00F75146 /* Core Data */,
				18F2E9001FBFF6EA00F75146 /* Core DataTests */,
				18F2E90B1FBFF6EA00F75146 /* Core DataUITests */,
			);
		};
/* End PBXProject section */

/* Begin PBXResourcesBuildPhase section */
		18F2E8E81FBFF6EA00F75146 /* Resources */ = {
			isa = PBXResourcesBuildPhase;
			buildActionMask = 2147483647;
			files = (
				18F2E8FB1FBFF6EA00F75146 /* LaunchScreen.storyboard in Resources */,
				18F2E8F81FBFF6EA00F75146 /* Assets.xcassets in Resources */,
				18F2E8F31FBFF6EA00F75146 /* Main.storyboard in Resources */,
			);
			runOnlyForDeploymentPostprocessing = 0;
		};
		18F2E8FF1FBFF6EA00F75146 /* Resources */ = {
			isa = PBXResourcesBuildPhase;
			buildActionMask = 2147483647;
			files = (
			);
			runOnlyForDeploymentPostprocessing = 0;
		};
		18F2E90A1FBFF6EA00F75146 /* Resources */ = {
			isa = PBXResourcesBuildPhase;
			buildActionMask = 2147483647;
			files = (
			);
			runOnlyForDeploymentPostprocessing = 0;
		};
/* End PBXResourcesBuildPhase section */

/* Begin PBXSourcesBuildPhase section */
		18F2E8E61FBFF6EA00F75146 /* Sources */ = {
			isa = PBXSourcesBuildPhase;
			buildActionMask = 2147483647;
			files = (
				18F2E8F01FBFF6EA00F75146 /* ViewController.swift in Sources */,
				18F2E8EE1FBFF6EA00F75146 /* AppDelegate.swift in Sources */,
				18F2E8F61FBFF6EA00F75146 /* Core_Data.xcdatamodeld in Sources */,
			);
			runOnlyForDeploymentPostprocessing = 0;
		};
		18F2E8FD1FBFF6EA00F75146 /* Sources */ = {
			isa = PBXSourcesBuildPhase;
			buildActionMask = 2147483647;
			files = (
				18F2E9061FBFF6EA00F75146 /* Core_DataTests.swift in Sources */,
			);
			runOnlyForDeploymentPostprocessing = 0;
		};
		18F2E9081FBFF6EA00F75146 /* Sources */ = {
			isa = PBXSourcesBuildPhase;
			buildActionMask = 2147483647;
			files = (
				18F2E9111FBFF6EA00F75146 /* Core_DataUITests.swift in Sources */,
			);
			runOnlyForDeploymentPostprocessing = 0;
		};
/* End PBXSourcesBuildPhase section */

/* Begin PBXTargetDependency section */
		18F2E9031FBFF6EA00F75146 /* PBXTargetDependency */ = {
			isa = PBXTargetDependency;
			target = 18F2E8E91FBFF6EA00F75146 /* Core Data */;
			targetProxy = 18F2E9021FBFF6EA00F75146 /* PBXContainerItemProxy */;
		};
		18F2E90E1FBFF6EA00F75146 /* PBXTargetDependency */ = {
			isa = PBXTargetDependency;
			target = 18F2E8E91FBFF6EA00F75146 /* Core Data */;
			targetProxy = 18F2E90D1FBFF6EA00F75146 /* PBXContainerItemProxy */;
		};
/* End PBXTargetDependency section */

/* Begin PBXVariantGroup section */
		18F2E8F11FBFF6EA00F75146 /* Main.storyboard */ = {
			isa = PBXVariantGroup;
			children = (
				18F2E8F21FBFF6EA00F75146 /* Base */,
			);
			name = Main.storyboard;
			sourceTree = "<group>";
		};
		18F2E8F91FBFF6EA00F75146 /* LaunchScreen.storyboard */ = {
			isa = PBXVariantGroup;
			children = (
				18F2E8FA1FBFF6EA00F75146 /* Base */,
			);
			name = LaunchScreen.storyboard;
			sourceTree = "<group>";
		};
/* End PBXVariantGroup section */

/* Begin XCBuildConfiguration section */
		18F2E9131FBFF6EA00F75146 /* Debug */ = {
			isa = XCBuildConfiguration;
			buildSettings = {
				ALWAYS_SEARCH_USER_PATHS = NO;
				CLANG_ANALYZER_NONNULL = YES;
				CLANG_ANALYZER_NUMBER_OBJECT_CONVERSION = YES_AGGRESSIVE;
				CLANG_CXX_LANGUAGE_STANDARD = "gnu++14";
				CLANG_CXX_LIBRARY = "libc++";
				CLANG_ENABLE_MODULES = YES;
				CLANG_ENABLE_OBJC_ARC = YES;
				CLANG_WARN_BLOCK_CAPTURE_AUTORELEASING = YES;
				CLANG_WARN_BOOL_CONVERSION = YES;
				CLANG_WARN_COMMA = YES;
				CLANG_WARN_CONSTANT_CONVERSION = YES;
				CLANG_WARN_DIRECT_OBJC_ISA_USAGE = YES_ERROR;
				CLANG_WARN_DOCUMENTATION_COMMENTS = YES;
				CLANG_WARN_EMPTY_BODY = YES;
				CLANG_WARN_ENUM_CONVERSION = YES;
				CLANG_WARN_INFINITE_RECURSION = YES;
				CLANG_WARN_INT_CONVERSION = YES;
				CLANG_WARN_NON_LITERAL_NULL_CONVERSION = YES;
				CLANG_WARN_OBJC_LITERAL_CONVERSION = YES;
				CLANG_WARN_OBJC_ROOT_CLASS = YES_ERROR;
				CLANG_WARN_RANGE_LOOP_ANALYSIS = YES;
				CLANG_WARN_STRICT_PROTOTYPES = YES;
				CLANG_WARN_SUSPICIOUS_MOVE = YES;
				CLANG_WARN_UNGUARDED_AVAILABILITY = YES_AGGRESSIVE;
				CLANG_WARN_UNREACHABLE_CODE = YES;
				CLANG_WARN__DUPLICATE_METHOD_MATCH = YES;
				CODE_SIGN_IDENTITY = "iPhone Developer";
				COPY_PHASE_STRIP = NO;
				DEBUG_INFORMATION_FORMAT = dwarf;
				ENABLE_STRICT_OBJC_MSGSEND = YES;
				ENABLE_TESTABILITY = YES;
				GCC_C_LANGUAGE_STANDARD = gnu11;
				GCC_DYNAMIC_NO_PIC = NO;
				GCC_NO_COMMON_BLOCKS = YES;
				GCC_OPTIMIZATION_LEVEL = 0;
				GCC_PREPROCESSOR_DEFINITIONS = (
					"DEBUG=1",
					"$(inherited)",
				);
				GCC_WARN_64_TO_32_BIT_CONVERSION = YES;
				GCC_WARN_ABOUT_RETURN_TYPE = YES_ERROR;
				GCC_WARN_UNDECLARED_SELECTOR = YES;
				GCC_WARN_UNINITIALIZED_AUTOS = YES_AGGRESSIVE;
				GCC_WARN_UNUSED_FUNCTION = YES;
				GCC_WARN_UNUSED_VARIABLE = YES;
				IPHONEOS_DEPLOYMENT_TARGET = 11.0;
				MTL_ENABLE_DEBUG_INFO = YES;
				ONLY_ACTIVE_ARCH = YES;
				SDKROOT = iphoneos;
				SWIFT_ACTIVE_COMPILATION_CONDITIONS = DEBUG;
				SWIFT_OPTIMIZATION_LEVEL = "-Onone";
			};
			name = Debug;
		};
		18F2E9141FBFF6EA00F75146 /* Release */ = {
			isa = XCBuildConfiguration;
			buildSettings = {
				ALWAYS_SEARCH_USER_PATHS = NO;
				CLANG_ANALYZER_NONNULL = YES;
				CLANG_ANALYZER_NUMBER_OBJECT_CONVERSION = YES_AGGRESSIVE;
				CLANG_CXX_LANGUAGE_STANDARD = "gnu++14";
				CLANG_CXX_LIBRARY = "libc++";
				CLANG_ENABLE_MODULES = YES;
				CLANG_ENABLE_OBJC_ARC = YES;
				CLANG_WARN_BLOCK_CAPTURE_AUTORELEASING = YES;
				CLANG_WARN_BOOL_CONVERSION = YES;
				CLANG_WARN_COMMA = YES;
				CLANG_WARN_CONSTANT_CONVERSION = YES;
				CLANG_WARN_DIRECT_OBJC_ISA_USAGE = YES_ERROR;
				CLANG_WARN_DOCUMENTATION_COMMENTS = YES;
				CLANG_WARN_EMPTY_BODY = YES;
				CLANG_WARN_ENUM_CONVERSION = YES;
				CLANG_WARN_INFINITE_RECURSION = YES;
				CLANG_WARN_INT_CONVERSION = YES;
				CLANG_WARN_NON_LITERAL_NULL_CONVERSION = YES;
				CLANG_WARN_OBJC_LITERAL_CONVERSION = YES;
				CLANG_WARN_OBJC_ROOT_CLASS = YES_ERROR;
				CLANG_WARN_RANGE_LOOP_ANALYSIS = YES;
				CLANG_WARN_STRICT_PROTOTYPES = YES;
				CLANG_WARN_SUSPICIOUS_MOVE = YES;
				CLANG_WARN_UNGUARDED_AVAILABILITY = YES_AGGRESSIVE;
				CLANG_WARN_UNREACHABLE_CODE = YES;
				CLANG_WARN__DUPLICATE_METHOD_MATCH = YES;
				CODE_SIGN_IDENTITY = "iPhone Developer";
				COPY_PHASE_STRIP = NO;
				DEBUG_INFORMATION_FORMAT = "dwarf-with-dsym";
				ENABLE_NS_ASSERTIONS = NO;
				ENABLE_STRICT_OBJC_MSGSEND = YES;
				GCC_C_LANGUAGE_STANDARD = gnu11;
				GCC_NO_COMMON_BLOCKS = YES;
				GCC_WARN_64_TO_32_BIT_CONVERSION = YES;
				GCC_WARN_ABOUT_RETURN_TYPE = YES_ERROR;
				GCC_WARN_UNDECLARED_SELECTOR = YES;
				GCC_WARN_UNINITIALIZED_AUTOS = YES_AGGRESSIVE;
				GCC_WARN_UNUSED_FUNCTION = YES;
				GCC_WARN_UNUSED_VARIABLE = YES;
				IPHONEOS_DEPLOYMENT_TARGET = 11.0;
				MTL_ENABLE_DEBUG_INFO = NO;
				SDKROOT = iphoneos;
				SWIFT_OPTIMIZATION_LEVEL = "-Owholemodule";
				VALIDATE_PRODUCT = YES;
			};
			name = Release;
		};
		18F2E9161FBFF6EA00F75146 /* Debug */ = {
			isa = XCBuildConfiguration;
			buildSettings = {
				ASSETCATALOG_COMPILER_APPICON_NAME = AppIcon;
				CODE_SIGN_STYLE = Automatic;
				DEVELOPMENT_TEAM = 4C6X53Z6W3;
				INFOPLIST_FILE = "Core Data/Info.plist";
				LD_RUNPATH_SEARCH_PATHS = "$(inherited) @executable_path/Frameworks";
				PRODUCT_BUNDLE_IDENTIFIER = "Tech-Aspire.Core-Data";
				PRODUCT_NAME = "$(TARGET_NAME)";
				SWIFT_VERSION = 4.0;
				TARGETED_DEVICE_FAMILY = "1,2";
			};
			name = Debug;
		};
		18F2E9171FBFF6EA00F75146 /* Release */ = {
			isa = XCBuildConfiguration;
			buildSettings = {
				ASSETCATALOG_COMPILER_APPICON_NAME = AppIcon;
				CODE_SIGN_STYLE = Automatic;
				DEVELOPMENT_TEAM = 4C6X53Z6W3;
				INFOPLIST_FILE = "Core Data/Info.plist";
				LD_RUNPATH_SEARCH_PATHS = "$(inherited) @executable_path/Frameworks";
				PRODUCT_BUNDLE_IDENTIFIER = "Tech-Aspire.Core-Data";
				PRODUCT_NAME = "$(TARGET_NAME)";
				SWIFT_VERSION = 4.0;
				TARGETED_DEVICE_FAMILY = "1,2";
			};
			name = Release;
		};
		18F2E9191FBFF6EA00F75146 /* Debug */ = {
			isa = XCBuildConfiguration;
			buildSettings = {
				ALWAYS_EMBED_SWIFT_STANDARD_LIBRARIES = YES;
				BUNDLE_LOADER = "$(TEST_HOST)";
				CODE_SIGN_STYLE = Automatic;
				DEVELOPMENT_TEAM = 4C6X53Z6W3;
				INFOPLIST_FILE = "Core DataTests/Info.plist";
				LD_RUNPATH_SEARCH_PATHS = "$(inherited) @executable_path/Frameworks @loader_path/Frameworks";
				PRODUCT_BUNDLE_IDENTIFIER = "Tech-Aspire.Core-DataTests";
				PRODUCT_NAME = "$(TARGET_NAME)";
				SWIFT_VERSION = 4.0;
				TARGETED_DEVICE_FAMILY = "1,2";
				TEST_HOST = "$(BUILT_PRODUCTS_DIR)/Core Data.app/Core Data";
			};
			name = Debug;
		};
		18F2E91A1FBFF6EA00F75146 /* Release */ = {
			isa = XCBuildConfiguration;
			buildSettings = {
				ALWAYS_EMBED_SWIFT_STANDARD_LIBRARIES = YES;
				BUNDLE_LOADER = "$(TEST_HOST)";
				CODE_SIGN_STYLE = Automatic;
				DEVELOPMENT_TEAM = 4C6X53Z6W3;
				INFOPLIST_FILE = "Core DataTests/Info.plist";
				LD_RUNPATH_SEARCH_PATHS = "$(inherited) @executable_path/Frameworks @loader_path/Frameworks";
				PRODUCT_BUNDLE_IDENTIFIER = "Tech-Aspire.Core-DataTests";
				PRODUCT_NAME = "$(TARGET_NAME)";
				SWIFT_VERSION = 4.0;
				TARGETED_DEVICE_FAMILY = "1,2";
				TEST_HOST = "$(BUILT_PRODUCTS_DIR)/Core Data.app/Core Data";
			};
			name = Release;
		};
		18F2E91C1FBFF6EA00F75146 /* Debug */ = {
			isa = XCBuildConfiguration;
			buildSettings = {
				ALWAYS_EMBED_SWIFT_STANDARD_LIBRARIES = YES;
				CODE_SIGN_STYLE = Automatic;
				DEVELOPMENT_TEAM = 4C6X53Z6W3;
				INFOPLIST_FILE = "Core DataUITests/Info.plist";
				LD_RUNPATH_SEARCH_PATHS = "$(inherited) @executable_path/Frameworks @loader_path/Frameworks";
				PRODUCT_BUNDLE_IDENTIFIER = "Tech-Aspire.Core-DataUITests";
				PRODUCT_NAME = "$(TARGET_NAME)";
				SWIFT_VERSION = 4.0;
				TARGETED_DEVICE_FAMILY = "1,2";
				TEST_TARGET_NAME = "Core Data";
			};
			name = Debug;
		};
		18F2E91D1FBFF6EA00F75146 /* Release */ = {
			isa = XCBuildConfiguration;
			buildSettings = {
				ALWAYS_EMBED_SWIFT_STANDARD_LIBRARIES = YES;
				CODE_SIGN_STYLE = Automatic;
				DEVELOPMENT_TEAM = 4C6X53Z6W3;
				INFOPLIST_FILE = "Core DataUITests/Info.plist";
				LD_RUNPATH_SEARCH_PATHS = "$(inherited) @executable_path/Frameworks @loader_path/Frameworks";
				PRODUCT_BUNDLE_IDENTIFIER = "Tech-Aspire.Core-DataUITests";
				PRODUCT_NAME = "$(TARGET_NAME)";
				SWIFT_VERSION = 4.0;
				TARGETED_DEVICE_FAMILY = "1,2";
				TEST_TARGET_NAME = "Core Data";
			};
			name = Release;
		};
/* End XCBuildConfiguration section */

/* Begin XCConfigurationList section */
		18F2E8E51FBFF6EA00F75146 /* Build configuration list for PBXProject "Core Data" */ = {
			isa = XCConfigurationList;
			buildConfigurations = (
				18F2E9131FBFF6EA00F75146 /* Debug */,
				18F2E9141FBFF6EA00F75146 /* Release */,
			);
			defaultConfigurationIsVisible = 0;
			defaultConfigurationName = Release;
		};
		18F2E9151FBFF6EA00F75146 /* Build configuration list for PBXNativeTarget "Core Data" */ = {
			isa = XCConfigurationList;
			buildConfigurations = (
				18F2E9161FBFF6EA00F75146 /* Debug */,
				18F2E9171FBFF6EA00F75146 /* Release */,
			);
			defaultConfigurationIsVisible = 0;
			defaultConfigurationName = Release;
		};
		18F2E9181FBFF6EA00F75146 /* Build configuration list for PBXNativeTarget "Core DataTests" */ = {
			isa = XCConfigurationList;
			buildConfigurations = (
				18F2E9191FBFF6EA00F75146 /* Debug */,
				18F2E91A1FBFF6EA00F75146 /* Release */,
			);
			defaultConfigurationIsVisible = 0;
			defaultConfigurationName = Release;
		};
		18F2E91B1FBFF6EA00F75146 /* Build configuration list for PBXNativeTarget "Core DataUITests" */ = {
			isa = XCConfigurationList;
			buildConfigurations = (
				18F2E91C1FBFF6EA00F75146 /* Debug */,
				18F2E91D1FBFF6EA00F75146 /* Release */,
			);
			defaultConfigurationIsVisible = 0;
			defaultConfigurationName = Release;
		};
/* End XCConfigurationList section */

/* Begin XCVersionGroup section */
		18F2E8F41FBFF6EA00F75146 /* Core_Data.xcdatamodeld */ = {
			isa = XCVersionGroup;
			children = (
				18F2E8F51FBFF6EA00F75146 /* Core_Data.xcdatamodel */,
			);
			currentVersion = 18F2E8F51FBFF6EA00F75146 /* Core_Data.xcdatamodel */;
			path = Core_Data.xcdatamodeld;
			sourceTree = "<group>";
			versionGroupType = wrapper.xcdatamodel;
		};
/* End XCVersionGroup section */
	};
	rootObject = 18F2E8E21FBFF6EA00F75146 /* Project object */;
}
